// !$*UTF8*$!
{
	archiveVersion = 1;
	classes = {
	};
	objectVersion = 46;
	objects = {

/* Begin PBXBuildFile section */
		F635146C19111C9800992FF0 /* Foundation.framework in Frameworks */ = {isa = PBXBuildFile; fileRef = F635146B19111C9800992FF0 /* Foundation.framework */; };
		F635146E19111C9800992FF0 /* CoreGraphics.framework in Frameworks */ = {isa = PBXBuildFile; fileRef = F635146D19111C9800992FF0 /* CoreGraphics.framework */; };
		F635147019111C9800992FF0 /* UIKit.framework in Frameworks */ = {isa = PBXBuildFile; fileRef = F635146F19111C9800992FF0 /* UIKit.framework */; };
		F635147619111C9800992FF0 /* InfoPlist.strings in Resources */ = {isa = PBXBuildFile; fileRef = F635147419111C9800992FF0 /* InfoPlist.strings */; };
		F635147819111C9800992FF0 /* main.m in Sources */ = {isa = PBXBuildFile; fileRef = F635147719111C9800992FF0 /* main.m */; };
		F635147C19111C9800992FF0 /* CCAppDelegate.m in Sources */ = {isa = PBXBuildFile; fileRef = F635147B19111C9800992FF0 /* CCAppDelegate.m */; };
		F635147F19111C9800992FF0 /* Main.storyboard in Resources */ = {isa = PBXBuildFile; fileRef = F635147D19111C9800992FF0 /* Main.storyboard */; };
		F635148719111C9900992FF0 /* Images.xcassets in Resources */ = {isa = PBXBuildFile; fileRef = F635148619111C9900992FF0 /* Images.xcassets */; };
		F635148E19111C9900992FF0 /* XCTest.framework in Frameworks */ = {isa = PBXBuildFile; fileRef = F635148D19111C9900992FF0 /* XCTest.framework */; };
		F635148F19111C9900992FF0 /* Foundation.framework in Frameworks */ = {isa = PBXBuildFile; fileRef = F635146B19111C9800992FF0 /* Foundation.framework */; };
		F635149019111C9900992FF0 /* UIKit.framework in Frameworks */ = {isa = PBXBuildFile; fileRef = F635146F19111C9800992FF0 /* UIKit.framework */; };
		F635149819111C9900992FF0 /* InfoPlist.strings in Resources */ = {isa = PBXBuildFile; fileRef = F635149619111C9900992FF0 /* InfoPlist.strings */; };
		F635149A19111C9900992FF0 /* MCA_TableViewCrashTests.m in Sources */ = {isa = PBXBuildFile; fileRef = F635149919111C9900992FF0 /* MCA_TableViewCrashTests.m */; };
		F63514A519111E2100992FF0 /* CCMainTableViewController.m in Sources */ = {isa = PBXBuildFile; fileRef = F63514A419111E2100992FF0 /* CCMainTableViewController.m */; };
		F63514A819111E8F00992FF0 /* CCModalTableViewController.m in Sources */ = {isa = PBXBuildFile; fileRef = F63514A719111E8F00992FF0 /* CCModalTableViewController.m */; };
/* End PBXBuildFile section */

/* Begin PBXContainerItemProxy section */
		F635149119111C9900992FF0 /* PBXContainerItemProxy */ = {
			isa = PBXContainerItemProxy;
			containerPortal = F635146019111C9800992FF0 /* Project object */;
			proxyType = 1;
			remoteGlobalIDString = F635146719111C9800992FF0;
			remoteInfo = "MCA-TableViewCrash";
		};
/* End PBXContainerItemProxy section */

/* Begin PBXFileReference section */
		F635146819111C9800992FF0 /* MCA-TableViewCrash.app */ = {isa = PBXFileReference; explicitFileType = wrapper.application; includeInIndex = 0; path = "MCA-TableViewCrash.app"; sourceTree = BUILT_PRODUCTS_DIR; };
		F635146B19111C9800992FF0 /* Foundation.framework */ = {isa = PBXFileReference; lastKnownFileType = wrapper.framework; name = Foundation.framework; path = System/Library/Frameworks/Foundation.framework; sourceTree = SDKROOT; };
		F635146D19111C9800992FF0 /* CoreGraphics.framework */ = {isa = PBXFileReference; lastKnownFileType = wrapper.framework; name = CoreGraphics.framework; path = System/Library/Frameworks/CoreGraphics.framework; sourceTree = SDKROOT; };
		F635146F19111C9800992FF0 /* UIKit.framework */ = {isa = PBXFileReference; lastKnownFileType = wrapper.framework; name = UIKit.framework; path = System/Library/Frameworks/UIKit.framework; sourceTree = SDKROOT; };
		F635147319111C9800992FF0 /* MCA-TableViewCrash-Info.plist */ = {isa = PBXFileReference; lastKnownFileType = text.plist.xml; path = "MCA-TableViewCrash-Info.plist"; sourceTree = "<group>"; };
		F635147519111C9800992FF0 /* en */ = {isa = PBXFileReference; lastKnownFileType = text.plist.strings; name = en; path = en.lproj/InfoPlist.strings; sourceTree = "<group>"; };
		F635147719111C9800992FF0 /* main.m */ = {isa = PBXFileReference; lastKnownFileType = sourcecode.c.objc; path = main.m; sourceTree = "<group>"; };
		F635147919111C9800992FF0 /* MCA-TableViewCrash-Prefix.pch */ = {isa = PBXFileReference; lastKnownFileType = sourcecode.c.h; path = "MCA-TableViewCrash-Prefix.pch"; sourceTree = "<group>"; };
		F635147A19111C9800992FF0 /* CCAppDelegate.h */ = {isa = PBXFileReference; lastKnownFileType = sourcecode.c.h; path = CCAppDelegate.h; sourceTree = "<group>"; };
		F635147B19111C9800992FF0 /* CCAppDelegate.m */ = {isa = PBXFileReference; lastKnownFileType = sourcecode.c.objc; path = CCAppDelegate.m; sourceTree = "<group>"; };
		F635147E19111C9800992FF0 /* Base */ = {isa = PBXFileReference; lastKnownFileType = file.storyboard; name = Base; path = Base.lproj/Main.storyboard; sourceTree = "<group>"; };
		F635148619111C9900992FF0 /* Images.xcassets */ = {isa = PBXFileReference; lastKnownFileType = folder.assetcatalog; path = Images.xcassets; sourceTree = "<group>"; };
		F635148C19111C9900992FF0 /* MCA-TableViewCrashTests.xctest */ = {isa = PBXFileReference; explicitFileType = wrapper.cfbundle; includeInIndex = 0; path = "MCA-TableViewCrashTests.xctest"; sourceTree = BUILT_PRODUCTS_DIR; };
		F635148D19111C9900992FF0 /* XCTest.framework */ = {isa = PBXFileReference; lastKnownFileType = wrapper.framework; name = XCTest.framework; path = Library/Frameworks/XCTest.framework; sourceTree = DEVELOPER_DIR; };
		F635149519111C9900992FF0 /* MCA-TableViewCrashTests-Info.plist */ = {isa = PBXFileReference; lastKnownFileType = text.plist.xml; path = "MCA-TableViewCrashTests-Info.plist"; sourceTree = "<group>"; };
		F635149719111C9900992FF0 /* en */ = {isa = PBXFileReference; lastKnownFileType = text.plist.strings; name = en; path = en.lproj/InfoPlist.strings; sourceTree = "<group>"; };
		F635149919111C9900992FF0 /* MCA_TableViewCrashTests.m */ = {isa = PBXFileReference; lastKnownFileType = sourcecode.c.objc; path = MCA_TableViewCrashTests.m; sourceTree = "<group>"; };
		F63514A319111E2100992FF0 /* CCMainTableViewController.h */ = {isa = PBXFileReference; fileEncoding = 4; lastKnownFileType = sourcecode.c.h; path = CCMainTableViewController.h; sourceTree = "<group>"; };
		F63514A419111E2100992FF0 /* CCMainTableViewController.m */ = {isa = PBXFileReference; fileEncoding = 4; lastKnownFileType = sourcecode.c.objc; path = CCMainTableViewController.m; sourceTree = "<group>"; };
		F63514A619111E8F00992FF0 /* CCModalTableViewController.h */ = {isa = PBXFileReference; fileEncoding = 4; lastKnownFileType = sourcecode.c.h; path = CCModalTableViewController.h; sourceTree = "<group>"; };
		F63514A719111E8F00992FF0 /* CCModalTableViewController.m */ = {isa = PBXFileReference; fileEncoding = 4; lastKnownFileType = sourcecode.c.objc; path = CCModalTableViewController.m; sourceTree = "<group>"; };
/* End PBXFileReference section */

/* Begin PBXFrameworksBuildPhase section */
		F635146519111C9800992FF0 /* Frameworks */ = {
			isa = PBXFrameworksBuildPhase;
			buildActionMask = 2147483647;
			files = (
				F635146E19111C9800992FF0 /* CoreGraphics.framework in Frameworks */,
				F635147019111C9800992FF0 /* UIKit.framework in Frameworks */,
				F635146C19111C9800992FF0 /* Foundation.framework in Frameworks */,
			);
			runOnlyForDeploymentPostprocessing = 0;
		};
		F635148919111C9900992FF0 /* Frameworks */ = {
			isa = PBXFrameworksBuildPhase;
			buildActionMask = 2147483647;
			files = (
				F635148E19111C9900992FF0 /* XCTest.framework in Frameworks */,
				F635149019111C9900992FF0 /* UIKit.framework in Frameworks */,
				F635148F19111C9900992FF0 /* Foundation.framework in Frameworks */,
			);
			runOnlyForDeploymentPostprocessing = 0;
		};
/* End PBXFrameworksBuildPhase section */

/* Begin PBXGroup section */
		F635145F19111C9700992FF0 = {
			isa = PBXGroup;
			children = (
				F635147119111C9800992FF0 /* MCA-TableViewCrash */,
				F635149319111C9900992FF0 /* MCA-TableViewCrashTests */,
				F635146A19111C9800992FF0 /* Frameworks */,
				F635146919111C9800992FF0 /* Products */,
			);
			sourceTree = "<group>";
		};
		F635146919111C9800992FF0 /* Products */ = {
			isa = PBXGroup;
			children = (
				F635146819111C9800992FF0 /* MCA-TableViewCrash.app */,
				F635148C19111C9900992FF0 /* MCA-TableViewCrashTests.xctest */,
			);
			name = Products;
			sourceTree = "<group>";
		};
		F635146A19111C9800992FF0 /* Frameworks */ = {
			isa = PBXGroup;
			children = (
				F635146B19111C9800992FF0 /* Foundation.framework */,
				F635146D19111C9800992FF0 /* CoreGraphics.framework */,
				F635146F19111C9800992FF0 /* UIKit.framework */,
				F635148D19111C9900992FF0 /* XCTest.framework */,
			);
			name = Frameworks;
			sourceTree = "<group>";
		};
		F635147119111C9800992FF0 /* MCA-TableViewCrash */ = {
			isa = PBXGroup;
			children = (
				F635147A19111C9800992FF0 /* CCAppDelegate.h */,
				F635147B19111C9800992FF0 /* CCAppDelegate.m */,
				F635147D19111C9800992FF0 /* Main.storyboard */,
				F635148619111C9900992FF0 /* Images.xcassets */,
				F635147219111C9800992FF0 /* Supporting Files */,
				F63514A319111E2100992FF0 /* CCMainTableViewController.h */,
				F63514A419111E2100992FF0 /* CCMainTableViewController.m */,
				F63514A619111E8F00992FF0 /* CCModalTableViewController.h */,
				F63514A719111E8F00992FF0 /* CCModalTableViewController.m */,
			);
			path = "MCA-TableViewCrash";
			sourceTree = "<group>";
		};
		F635147219111C9800992FF0 /* Supporting Files */ = {
			isa = PBXGroup;
			children = (
				F635147319111C9800992FF0 /* MCA-TableViewCrash-Info.plist */,
				F635147419111C9800992FF0 /* InfoPlist.strings */,
				F635147719111C9800992FF0 /* main.m */,
				F635147919111C9800992FF0 /* MCA-TableViewCrash-Prefix.pch */,
			);
			name = "Supporting Files";
			sourceTree = "<group>";
		};
		F635149319111C9900992FF0 /* MCA-TableViewCrashTests */ = {
			isa = PBXGroup;
			children = (
				F635149919111C9900992FF0 /* MCA_TableViewCrashTests.m */,
				F635149419111C9900992FF0 /* Supporting Files */,
			);
			path = "MCA-TableViewCrashTests";
			sourceTree = "<group>";
		};
		F635149419111C9900992FF0 /* Supporting Files */ = {
			isa = PBXGroup;
			children = (
				F635149519111C9900992FF0 /* MCA-TableViewCrashTests-Info.plist */,
				F635149619111C9900992FF0 /* InfoPlist.strings */,
			);
			name = "Supporting Files";
			sourceTree = "<group>";
		};
/* End PBXGroup section */

/* Begin PBXNativeTarget section */
		F635146719111C9800992FF0 /* MCA-TableViewCrash */ = {
			isa = PBXNativeTarget;
			buildConfigurationList = F635149D19111C9900992FF0 /* Build configuration list for PBXNativeTarget "MCA-TableViewCrash" */;
			buildPhases = (
				F635146419111C9800992FF0 /* Sources */,
				F635146519111C9800992FF0 /* Frameworks */,
				F635146619111C9800992FF0 /* Resources */,
			);
			buildRules = (
			);
			dependencies = (
			);
			name = "MCA-TableViewCrash";
			productName = "MCA-TableViewCrash";
			productReference = F635146819111C9800992FF0 /* MCA-TableViewCrash.app */;
			productType = "com.apple.product-type.application";
		};
		F635148B19111C9900992FF0 /* MCA-TableViewCrashTests */ = {
			isa = PBXNativeTarget;
			buildConfigurationList = F63514A019111C9900992FF0 /* Build configuration list for PBXNativeTarget "MCA-TableViewCrashTests" */;
			buildPhases = (
				F635148819111C9900992FF0 /* Sources */,
				F635148919111C9900992FF0 /* Frameworks */,
				F635148A19111C9900992FF0 /* Resources */,
			);
			buildRules = (
			);
			dependencies = (
				F635149219111C9900992FF0 /* PBXTargetDependency */,
			);
			name = "MCA-TableViewCrashTests";
			productName = "MCA-TableViewCrashTests";
			productReference = F635148C19111C9900992FF0 /* MCA-TableViewCrashTests.xctest */;
			productType = "com.apple.product-type.bundle.unit-test";
		};
/* End PBXNativeTarget section */

/* Begin PBXProject section */
		F635146019111C9800992FF0 /* Project object */ = {
			isa = PBXProject;
			attributes = {
				CLASSPREFIX = CC;
				LastUpgradeCheck = 0510;
				ORGANIZATIONNAME = ClicksCo;
				TargetAttributes = {
					F635148B19111C9900992FF0 = {
						TestTargetID = F635146719111C9800992FF0;
					};
				};
			};
			buildConfigurationList = F635146319111C9800992FF0 /* Build configuration list for PBXProject "MCA-TableViewCrash" */;
			compatibilityVersion = "Xcode 3.2";
			developmentRegion = English;
			hasScannedForEncodings = 0;
			knownRegions = (
				en,
				Base,
			);
			mainGroup = F635145F19111C9700992FF0;
			productRefGroup = F635146919111C9800992FF0 /* Products */;
			projectDirPath = "";
			projectRoot = "";
			targets = (
				F635146719111C9800992FF0 /* MCA-TableViewCrash */,
				F635148B19111C9900992FF0 /* MCA-TableViewCrashTests */,
			);
		};
/* End PBXProject section */

/* Begin PBXResourcesBuildPhase section */
		F635146619111C9800992FF0 /* Resources */ = {
			isa = PBXResourcesBuildPhase;
			buildActionMask = 2147483647;
			files = (
				F635148719111C9900992FF0 /* Images.xcassets in Resources */,
				F635147619111C9800992FF0 /* InfoPlist.strings in Resources */,
				F635147F19111C9800992FF0 /* Main.storyboard in Resources */,
			);
			runOnlyForDeploymentPostprocessing = 0;
		};
		F635148A19111C9900992FF0 /* Resources */ = {
			isa = PBXResourcesBuildPhase;
			buildActionMask = 2147483647;
			files = (
				F635149819111C9900992FF0 /* InfoPlist.strings in Resources */,
			);
			runOnlyForDeploymentPostprocessing = 0;
		};
/* End PBXResourcesBuildPhase section */

/* Begin PBXSourcesBuildPhase section */
		F635146419111C9800992FF0 /* Sources */ = {
			isa = PBXSourcesBuildPhase;
			buildActionMask = 2147483647;
			files = (
				F635147C19111C9800992FF0 /* CCAppDelegate.m in Sources */,
				F63514A819111E8F00992FF0 /* CCModalTableViewController.m in Sources */,
				F63514A519111E2100992FF0 /* CCMainTableViewController.m in Sources */,
				F635147819111C9800992FF0 /* main.m in Sources */,
			);
			runOnlyForDeploymentPostprocessing = 0;
		};
		F635148819111C9900992FF0 /* Sources */ = {
			isa = PBXSourcesBuildPhase;
			buildActionMask = 2147483647;
			files = (
				F635149A19111C9900992FF0 /* MCA_TableViewCrashTests.m in Sources */,
			);
			runOnlyForDeploymentPostprocessing = 0;
		};
/* End PBXSourcesBuildPhase section */

/* Begin PBXTargetDependency section */
		F635149219111C9900992FF0 /* PBXTargetDependency */ = {
			isa = PBXTargetDependency;
			target = F635146719111C9800992FF0 /* MCA-TableViewCrash */;
			targetProxy = F635149119111C9900992FF0 /* PBXContainerItemProxy */;
		};
/* End PBXTargetDependency section */

/* Begin PBXVariantGroup section */
		F635147419111C9800992FF0 /* InfoPlist.strings */ = {
			isa = PBXVariantGroup;
			children = (
				F635147519111C9800992FF0 /* en */,
			);
			name = InfoPlist.strings;
			sourceTree = "<group>";
		};
		F635147D19111C9800992FF0 /* Main.storyboard */ = {
			isa = PBXVariantGroup;
			children = (
				F635147E19111C9800992FF0 /* Base */,
			);
			name = Main.storyboard;
			sourceTree = "<group>";
		};
		F635149619111C9900992FF0 /* InfoPlist.strings */ = {
			isa = PBXVariantGroup;
			children = (
				F635149719111C9900992FF0 /* en */,
			);
			name = InfoPlist.strings;
			sourceTree = "<group>";
		};
/* End PBXVariantGroup section */

/* Begin XCBuildConfiguration section */
		F635149B19111C9900992FF0 /* Debug */ = {
			isa = XCBuildConfiguration;
			buildSettings = {
				ALWAYS_SEARCH_USER_PATHS = NO;
				CLANG_CXX_LANGUAGE_STANDARD = "gnu++0x";
				CLANG_CXX_LIBRARY = "libc++";
				CLANG_ENABLE_MODULES = YES;
				CLANG_ENABLE_OBJC_ARC = YES;
				CLANG_WARN_BOOL_CONVERSION = YES;
				CLANG_WARN_CONSTANT_CONVERSION = YES;
				CLANG_WARN_DIRECT_OBJC_ISA_USAGE = YES_ERROR;
				CLANG_WARN_EMPTY_BODY = YES;
				CLANG_WARN_ENUM_CONVERSION = YES;
				CLANG_WARN_INT_CONVERSION = YES;
				CLANG_WARN_OBJC_ROOT_CLASS = YES_ERROR;
				CLANG_WARN__DUPLICATE_METHOD_MATCH = YES;
				"CODE_SIGN_IDENTITY[sdk=iphoneos*]" = "iPhone Developer";
				COPY_PHASE_STRIP = NO;
				GCC_C_LANGUAGE_STANDARD = gnu99;
				GCC_DYNAMIC_NO_PIC = NO;
				GCC_OPTIMIZATION_LEVEL = 0;
				GCC_PREPROCESSOR_DEFINITIONS = (
					"DEBUG=1",
					"$(inherited)",
				);
				GCC_SYMBOLS_PRIVATE_EXTERN = NO;
				GCC_WARN_64_TO_32_BIT_CONVERSION = YES;
				GCC_WARN_ABOUT_RETURN_TYPE = YES_ERROR;
				GCC_WARN_UNDECLARED_SELECTOR = YES;
				GCC_WARN_UNINITIALIZED_AUTOS = YES_AGGRESSIVE;
				GCC_WARN_UNUSED_FUNCTION = YES;
				GCC_WARN_UNUSED_VARIABLE = YES;
				IPHONEOS_DEPLOYMENT_TARGET = 7.1;
				ONLY_ACTIVE_ARCH = YES;
				SDKROOT = iphoneos;
			};
			name = Debug;
		};
		F635149C19111C9900992FF0 /* Release */ = {
			isa = XCBuildConfiguration;
			buildSettings = {
				ALWAYS_SEARCH_USER_PATHS = NO;
				CLANG_CXX_LANGUAGE_STANDARD = "gnu++0x";
				CLANG_CXX_LIBRARY = "libc++";
				CLANG_ENABLE_MODULES = YES;
				CLANG_ENABLE_OBJC_ARC = YES;
				CLANG_WARN_BOOL_CONVERSION = YES;
				CLANG_WARN_CONSTANT_CONVERSION = YES;
				CLANG_WARN_DIRECT_OBJC_ISA_USAGE = YES_ERROR;
				CLANG_WARN_EMPTY_BODY = YES;
				CLANG_WARN_ENUM_CONVERSION = YES;
				CLANG_WARN_INT_CONVERSION = YES;
				CLANG_WARN_OBJC_ROOT_CLASS = YES_ERROR;
				CLANG_WARN__DUPLICATE_METHOD_MATCH = YES;
				"CODE_SIGN_IDENTITY[sdk=iphoneos*]" = "iPhone Developer";
				COPY_PHASE_STRIP = YES;
				ENABLE_NS_ASSERTIONS = NO;
				GCC_C_LANGUAGE_STANDARD = gnu99;
				GCC_WARN_64_TO_32_BIT_CONVERSION = YES;
				GCC_WARN_ABOUT_RETURN_TYPE = YES_ERROR;
				GCC_WARN_UNDECLARED_SELECTOR = YES;
				GCC_WARN_UNINITIALIZED_AUTOS = YES_AGGRESSIVE;
				GCC_WARN_UNUSED_FUNCTION = YES;
				GCC_WARN_UNUSED_VARIABLE = YES;
				IPHONEOS_DEPLOYMENT_TARGET = 7.1;
				SDKROOT = iphoneos;
				VALIDATE_PRODUCT = YES;
			};
			name = Release;
		};
		F635149E19111C9900992FF0 /* Debug */ = {
			isa = XCBuildConfiguration;
			buildSettings = {
				ASSETCATALOG_COMPILER_APPICON_NAME = AppIcon;
				ASSETCATALOG_COMPILER_LAUNCHIMAGE_NAME = LaunchImage;
				GCC_PRECOMPILE_PREFIX_HEADER = YES;
				GCC_PREFIX_HEADER = "MCA-TableViewCrash/MCA-TableViewCrash-Prefix.pch";
				INFOPLIST_FILE = "MCA-TableViewCrash/MCA-TableViewCrash-Info.plist";
				PRODUCT_NAME = "$(TARGET_NAME)";
				WRAPPER_EXTENSION = app;
			};
			name = Debug;
		};
		F635149F19111C9900992FF0 /* Release */ = {
			isa = XCBuildConfiguration;
			buildSettings = {
				ASSETCATALOG_COMPILER_APPICON_NAME = AppIcon;
				ASSETCATALOG_COMPILER_LAUNCHIMAGE_NAME = LaunchImage;
				GCC_PRECOMPILE_PREFIX_HEADER = YES;
				GCC_PREFIX_HEADER = "MCA-TableViewCrash/MCA-TableViewCrash-Prefix.pch";
				INFOPLIST_FILE = "MCA-TableViewCrash/MCA-TableViewCrash-Info.plist";
				PRODUCT_NAME = "$(TARGET_NAME)";
				WRAPPER_EXTENSION = app;
			};
			name = Release;
		};
		F63514A119111C9900992FF0 /* Debug */ = {
			isa = XCBuildConfiguration;
			buildSettings = {
				BUNDLE_LOADER = "$(BUILT_PRODUCTS_DIR)/MCA-TableViewCrash.app/MCA-TableViewCrash";
				FRAMEWORK_SEARCH_PATHS = (
					"$(SDKROOT)/Developer/Library/Frameworks",
					"$(inherited)",
					"$(DEVELOPER_FRAMEWORKS_DIR)",
				);
				GCC_PRECOMPILE_PREFIX_HEADER = YES;
				GCC_PREFIX_HEADER = "MCA-TableViewCrash/MCA-TableViewCrash-Prefix.pch";
				GCC_PREPROCESSOR_DEFINITIONS = (
					"DEBUG=1",
					"$(inherited)",
				);
				INFOPLIST_FILE = "MCA-TableViewCrashTests/MCA-TableViewCrashTests-Info.plist";
				PRODUCT_NAME = "$(TARGET_NAME)";
				TEST_HOST = "$(BUNDLE_LOADER)";
				WRAPPER_EXTENSION = xctest;
			};
			name = Debug;
		};
		F63514A219111C9900992FF0 /* Release */ = {
			isa = XCBuildConfiguration;
			buildSettings = {
				BUNDLE_LOADER = "$(BUILT_PRODUCTS_DIR)/MCA-TableViewCrash.app/MCA-TableViewCrash";
				FRAMEWORK_SEARCH_PATHS = (
					"$(SDKROOT)/Developer/Library/Frameworks",
					"$(inherited)",
					"$(DEVELOPER_FRAMEWORKS_DIR)",
				);
				GCC_PRECOMPILE_PREFIX_HEADER = YES;
				GCC_PREFIX_HEADER = "MCA-TableViewCrash/MCA-TableViewCrash-Prefix.pch";
				INFOPLIST_FILE = "MCA-TableViewCrashTests/MCA-TableViewCrashTests-Info.plist";
				PRODUCT_NAME = "$(TARGET_NAME)";
				TEST_HOST = "$(BUNDLE_LOADER)";
				WRAPPER_EXTENSION = xctest;
			};
			name = Release;
		};
/* End XCBuildConfiguration section */

/* Begin XCConfigurationList section */
		F635146319111C9800992FF0 /* Build configuration list for PBXProject "MCA-TableViewCrash" */ = {
			isa = XCConfigurationList;
			buildConfigurations = (
				F635149B19111C9900992FF0 /* Debug */,
				F635149C19111C9900992FF0 /* Release */,
			);
			defaultConfigurationIsVisible = 0;
			defaultConfigurationName = Release;
		};
		F635149D19111C9900992FF0 /* Build configuration list for PBXNativeTarget "MCA-TableViewCrash" */ = {
			isa = XCConfigurationList;
			buildConfigurations = (
				F635149E19111C9900992FF0 /* Debug */,
				F635149F19111C9900992FF0 /* Release */,
			);
			defaultConfigurationIsVisible = 0;
		};
		F63514A019111C9900992FF0 /* Build configuration list for PBXNativeTarget "MCA-TableViewCrashTests" */ = {
			isa = XCConfigurationList;
			buildConfigurations = (
				F63514A119111C9900992FF0 /* Debug */,
				F63514A219111C9900992FF0 /* Release */,
			);
			defaultConfigurationIsVisible = 0;
		};
/* End XCConfigurationList section */
	};
	rootObject = F635146019111C9800992FF0 /* Project object */;
}
